
Microsoft Visual Studio Solution File, Format Version 12.00
# Visual Studio Version 16
VisualStudioVersion = 16.0.29806.167
MinimumVisualStudioVersion = 10.0.40219.1
Project("{FAE04EC0-301F-11D3-BF4B-00C04F79EFBC}") = "ExercicioMeusPetsVacina.Android", "ExercicioMeusPetsVacina\ExercicioMeusPetsVacina.Android\ExercicioMeusPetsVacina.Android.csproj", "{A37A1A0B-9047-415B-AB97-89C51F432C2C}"
EndProject
Project("{FAE04EC0-301F-11D3-BF4B-00C04F79EFBC}") = "ExercicioMeusPetsVacina.iOS", "ExercicioMeusPetsVacina\ExercicioMeusPetsVacina.iOS\ExercicioMeusPetsVacina.iOS.csproj", "{7A0F1EB2-19E7-45E2-81DD-3D3BFE35156B}"
EndProject
Project("{FAE04EC0-301F-11D3-BF4B-00C04F79EFBC}") = "ExercicioMeusPetsVacina", "ExercicioMeusPetsVacina\ExercicioMeusPetsVacina\ExercicioMeusPetsVacina.csproj", "{20341863-E855-45D1-BE3D-5EDE5FB0E975}"
EndProject
Global
	GlobalSection(SolutionConfigurationPlatforms) = preSolution
		Debug|Any CPU = Debug|Any CPU
		Debug|iPhone = Debug|iPhone
		Debug|iPhoneSimulator = Debug|iPhoneSimulator
		Release|Any CPU = Release|Any CPU
		Release|iPhone = Release|iPhone
		Release|iPhoneSimulator = Release|iPhoneSimulator
	EndGlobalSection
	GlobalSection(ProjectConfigurationPlatforms) = postSolution
		{A37A1A0B-9047-415B-AB97-89C51F432C2C}.Debug|Any CPU.ActiveCfg = Debug|Any CPU
		{A37A1A0B-9047-415B-AB97-89C51F432C2C}.Debug|Any CPU.Build.0 = Debug|Any CPU
		{A37A1A0B-9047-415B-AB97-89C51F432C2C}.Debug|Any CPU.Deploy.0 = Debug|Any CPU
		{A37A1A0B-9047-415B-AB97-89C51F432C2C}.Debug|iPhone.ActiveCfg = Debug|Any CPU
		{A37A1A0B-9047-415B-AB97-89C51F432C2C}.Debug|iPhone.Build.0 = Debug|Any CPU
		{A37A1A0B-9047-415B-AB97-89C51F432C2C}.Debug|iPhone.Deploy.0 = Debug|Any CPU
		{A37A1A0B-9047-415B-AB97-89C51F432C2C}.Debug|iPhoneSimulator.ActiveCfg = Debug|Any CPU
		{A37A1A0B-9047-415B-AB97-89C51F432C2C}.Debug|iPhoneSimulator.Build.0 = Debug|Any CPU
		{A37A1A0B-9047-415B-AB97-89C51F432C2C}.Debug|iPhoneSimulator.Deploy.0 = Debug|Any CPU
		{A37A1A0B-9047-415B-AB97-89C51F432C2C}.Release|Any CPU.ActiveCfg = Release|Any CPU
		{A37A1A0B-9047-415B-AB97-89C51F432C2C}.Release|Any CPU.Build.0 = Release|Any CPU
		{A37A1A0B-9047-415B-AB97-89C51F432C2C}.Release|Any CPU.Deploy.0 = Release|Any CPU
		{A37A1A0B-9047-415B-AB97-89C51F432C2C}.Release|iPhone.ActiveCfg = Release|Any CPU
		{A37A1A0B-9047-415B-AB97-89C51F432C2C}.Release|iPhone.Build.0 = Release|Any CPU
		{A37A1A0B-9047-415B-AB97-89C51F432C2C}.Release|iPhone.Deploy.0 = Release|Any CPU
		{A37A1A0B-9047-415B-AB97-89C51F432C2C}.Release|iPhoneSimulator.ActiveCfg = Release|Any CPU
		{A37A1A0B-9047-415B-AB97-89C51F432C2C}.Release|iPhoneSimulator.Build.0 = Release|Any CPU
		{A37A1A0B-9047-415B-AB97-89C51F432C2C}.Release|iPhoneSimulator.Deploy.0 = Release|Any CPU
		{7A0F1EB2-19E7-45E2-81DD-3D3BFE35156B}.Debug|Any CPU.ActiveCfg = Debug|iPhoneSimulator
		{7A0F1EB2-19E7-45E2-81DD-3D3BFE35156B}.Debug|Any CPU.Build.0 = Debug|iPhoneSimulator
		{7A0F1EB2-19E7-45E2-81DD-3D3BFE35156B}.Debug|Any CPU.Deploy.0 = Debug|iPhoneSimulator
		{7A0F1EB2-19E7-45E2-81DD-3D3BFE35156B}.Debug|iPhone.ActiveCfg = Debug|iPhone
		{7A0F1EB2-19E7-45E2-81DD-3D3BFE35156B}.Debug|iPhone.Build.0 = Debug|iPhone
		{7A0F1EB2-19E7-45E2-81DD-3D3BFE35156B}.Debug|iPhone.Deploy.0 = Debug|iPhone
		{7A0F1EB2-19E7-45E2-81DD-3D3BFE35156B}.Debug|iPhoneSimulator.ActiveCfg = Debug|iPhoneSimulator
		{7A0F1EB2-19E7-45E2-81DD-3D3BFE35156B}.Debug|iPhoneSimulator.Build.0 = Debug|iPhoneSimulator
		{7A0F1EB2-19E7-45E2-81DD-3D3BFE35156B}.Debug|iPhoneSimulator.Deploy.0 = Debug|iPhoneSimulator
		{7A0F1EB2-19E7-45E2-81DD-3D3BFE35156B}.Release|Any CPU.ActiveCfg = Release|iPhone
		{7A0F1EB2-19E7-45E2-81DD-3D3BFE35156B}.Release|Any CPU.Build.0 = Release|iPhone
		{7A0F1EB2-19E7-45E2-81DD-3D3BFE35156B}.Release|Any CPU.Deploy.0 = Release|iPhone
		{7A0F1EB2-19E7-45E2-81DD-3D3BFE35156B}.Release|iPhone.ActiveCfg = Release|iPhone
		{7A0F1EB2-19E7-45E2-81DD-3D3BFE35156B}.Release|iPhone.Build.0 = Release|iPhone
		{7A0F1EB2-19E7-45E2-81DD-3D3BFE35156B}.Release|iPhone.Deploy.0 = Release|iPhone
		{7A0F1EB2-19E7-45E2-81DD-3D3BFE35156B}.Release|iPhoneSimulator.ActiveCfg = Release|iPhoneSimulator
		{7A0F1EB2-19E7-45E2-81DD-3D3BFE35156B}.Release|iPhoneSimulator.Build.0 = Release|iPhoneSimulator
		{7A0F1EB2-19E7-45E2-81DD-3D3BFE35156B}.Release|iPhoneSimulator.Deploy.0 = Release|iPhoneSimulator
		{20341863-E855-45D1-BE3D-5EDE5FB0E975}.Debug|Any CPU.ActiveCfg = Debug|Any CPU
		{20341863-E855-45D1-BE3D-5EDE5FB0E975}.Debug|Any CPU.Build.0 = Debug|Any CPU
		{20341863-E855-45D1-BE3D-5EDE5FB0E975}.Debug|Any CPU.Deploy.0 = Debug|Any CPU
		{20341863-E855-45D1-BE3D-5EDE5FB0E975}.Debug|iPhone.ActiveCfg = Debug|Any CPU
		{20341863-E855-45D1-BE3D-5EDE5FB0E975}.Debug|iPhone.Build.0 = Debug|Any CPU
		{20341863-E855-45D1-BE3D-5EDE5FB0E975}.Debug|iPhone.Deploy.0 = Debug|Any CPU
		{20341863-E855-45D1-BE3D-5EDE5FB0E975}.Debug|iPhoneSimulator.ActiveCfg = Debug|Any CPU
		{20341863-E855-45D1-BE3D-5EDE5FB0E975}.Debug|iPhoneSimulator.Build.0 = Debug|Any CPU
		{20341863-E855-45D1-BE3D-5EDE5FB0E975}.Debug|iPhoneSimulator.Deploy.0 = Debug|Any CPU
		{20341863-E855-45D1-BE3D-5EDE5FB0E975}.Release|Any CPU.ActiveCfg = Release|Any CPU
		{20341863-E855-45D1-BE3D-5EDE5FB0E975}.Release|Any CPU.Build.0 = Release|Any CPU
		{20341863-E855-45D1-BE3D-5EDE5FB0E975}.Release|Any CPU.Deploy.0 = Release|Any CPU
		{20341863-E855-45D1-BE3D-5EDE5FB0E975}.Release|iPhone.ActiveCfg = Release|Any CPU
		{20341863-E855-45D1-BE3D-5EDE5FB0E975}.Release|iPhone.Build.0 = Release|Any CPU
		{20341863-E855-45D1-BE3D-5EDE5FB0E975}.Release|iPhone.Deploy.0 = Release|Any CPU
		{20341863-E855-45D1-BE3D-5EDE5FB0E975}.Release|iPhoneSimulator.ActiveCfg = Release|Any CPU
		{20341863-E855-45D1-BE3D-5EDE5FB0E975}.Release|iPhoneSimulator.Build.0 = Release|Any CPU
		{20341863-E855-45D1-BE3D-5EDE5FB0E975}.Release|iPhoneSimulator.Deploy.0 = Release|Any CPU
	EndGlobalSection
	GlobalSection(SolutionProperties) = preSolution
		HideSolutionNode = FALSE
	EndGlobalSection
	GlobalSection(ExtensibilityGlobals) = postSolution
		SolutionGuid = {7ECE7EB4-7DE4-4454-8D4D-A9E68227F72F}
	EndGlobalSection
EndGlobal
